// !$*UTF8*$!
{
	archiveVersion = 1;
	classes = {
	};
	objectVersion = 52;
	objects = {

/* Begin PBXBuildFile section */
		A57D38F425723FAA00321B05 /* HostController.swift in Sources */ = {isa = PBXBuildFile; fileRef = A57D38F325723FAA00321B05 /* HostController.swift */; };
		A57D38FB257240EC00321B05 /* DefaultsWrapper.swift in Sources */ = {isa = PBXBuildFile; fileRef = A57D38FA257240EC00321B05 /* DefaultsWrapper.swift */; };
		A57D39002572417200321B05 /* SimpleStorage.swift in Sources */ = {isa = PBXBuildFile; fileRef = A57D38FF2572417200321B05 /* SimpleStorage.swift */; };
		A57D39062572426B00321B05 /* DateHelper in Frameworks */ = {isa = PBXBuildFile; productRef = A57D39052572426B00321B05 /* DateHelper */; };
		A57D390C257244C900321B05 /* IStorage.swift in Sources */ = {isa = PBXBuildFile; fileRef = A57D390B257244C900321B05 /* IStorage.swift */; };
		A58BA7332571158600ED9E3E /* AppDelegate.swift in Sources */ = {isa = PBXBuildFile; fileRef = A58BA7322571158600ED9E3E /* AppDelegate.swift */; };
		A58BA73C2571158A00ED9E3E /* Assets.xcassets in Resources */ = {isa = PBXBuildFile; fileRef = A58BA73B2571158A00ED9E3E /* Assets.xcassets */; };
		A58BA73F2571158A00ED9E3E /* LaunchScreen.storyboard in Resources */ = {isa = PBXBuildFile; fileRef = A58BA73D2571158A00ED9E3E /* LaunchScreen.storyboard */; };
		A58BA74A2571158A00ED9E3E /* PolarstepsTests.swift in Sources */ = {isa = PBXBuildFile; fileRef = A58BA7492571158A00ED9E3E /* PolarstepsTests.swift */; };
		A58BA7552571158B00ED9E3E /* PolarstepsUITests.swift in Sources */ = {isa = PBXBuildFile; fileRef = A58BA7542571158B00ED9E3E /* PolarstepsUITests.swift */; };
		A58BA7772571168000ED9E3E /* SiberianSwift in Frameworks */ = {isa = PBXBuildFile; productRef = A58BA7762571168000ED9E3E /* SiberianSwift */; };
		A58BA77D2571169B00ED9E3E /* SiberianVIPER in Frameworks */ = {isa = PBXBuildFile; productRef = A58BA77C2571169B00ED9E3E /* SiberianVIPER */; };
		A58BA783257116DE00ED9E3E /* SDWebImage in Frameworks */ = {isa = PBXBuildFile; productRef = A58BA782257116DE00ED9E3E /* SDWebImage */; };
		A58BA7892571175000ED9E3E /* Keychain.swift in Sources */ = {isa = PBXBuildFile; fileRef = A58BA7882571175000ED9E3E /* Keychain.swift */; };
		A5FAE0472574EB14009EDFB6 /* Domain in Frameworks */ = {isa = PBXBuildFile; productRef = A5FAE0462574EB14009EDFB6 /* Domain */; };
		A5FAE0492574EB21009EDFB6 /* APIClient in Frameworks */ = {isa = PBXBuildFile; productRef = A5FAE0482574EB21009EDFB6 /* APIClient */; };
		A5FAE04F2574EBA4009EDFB6 /* SimpleLoginController.swift in Sources */ = {isa = PBXBuildFile; fileRef = A5FAE04E2574EBA4009EDFB6 /* SimpleLoginController.swift */; };
		A5FAE0542574EBB0009EDFB6 /* SimpleLoginViewModel.swift in Sources */ = {isa = PBXBuildFile; fileRef = A5FAE0532574EBB0009EDFB6 /* SimpleLoginViewModel.swift */; };
		A5FAE05B2574F6A2009EDFB6 /* ActionButton.swift in Sources */ = {isa = PBXBuildFile; fileRef = A5FAE05A2574F6A2009EDFB6 /* ActionButton.swift */; };
		A5FAE0612574F713009EDFB6 /* UIColor+.swift in Sources */ = {isa = PBXBuildFile; fileRef = A5FAE0602574F713009EDFB6 /* UIColor+.swift */; };
		A5FAE0662574F729009EDFB6 /* UIImage+.swift in Sources */ = {isa = PBXBuildFile; fileRef = A5FAE0652574F729009EDFB6 /* UIImage+.swift */; };
		A5FAE06B2574F9BE009EDFB6 /* SimpleLoginAssembly.swift in Sources */ = {isa = PBXBuildFile; fileRef = A5FAE06A2574F9BE009EDFB6 /* SimpleLoginAssembly.swift */; };
		A5FAE0702574FA70009EDFB6 /* SimpleLoginEntities.swift in Sources */ = {isa = PBXBuildFile; fileRef = A5FAE06F2574FA70009EDFB6 /* SimpleLoginEntities.swift */; };
		A5FAE0812575011E009EDFB6 /* DependenciesContainer.swift in Sources */ = {isa = PBXBuildFile; fileRef = A5FAE0802575011E009EDFB6 /* DependenciesContainer.swift */; };
		A5FAE0862575017A009EDFB6 /* NetworkingCore in Frameworks */ = {isa = PBXBuildFile; productRef = A5FAE0852575017A009EDFB6 /* NetworkingCore */; };
		A5FAE08C25750C17009EDFB6 /* JuicyToast in Frameworks */ = {isa = PBXBuildFile; productRef = A5FAE08B25750C17009EDFB6 /* JuicyToast */; };
		A5FAE09125750C50009EDFB6 /* ToastFactory.swift in Sources */ = {isa = PBXBuildFile; fileRef = A5FAE09025750C50009EDFB6 /* ToastFactory.swift */; };
		A5FAE0962575193F009EDFB6 /* SecureStorage.swift in Sources */ = {isa = PBXBuildFile; fileRef = A5FAE0952575193F009EDFB6 /* SecureStorage.swift */; };
		A5FAE09B25751FF1009EDFB6 /* MyTripsController.swift in Sources */ = {isa = PBXBuildFile; fileRef = A5FAE09A25751FF1009EDFB6 /* MyTripsController.swift */; };
		A5FAE0A025752020009EDFB6 /* MyTripsPresenter.swift in Sources */ = {isa = PBXBuildFile; fileRef = A5FAE09F25752020009EDFB6 /* MyTripsPresenter.swift */; };
		A5FAE0A525752034009EDFB6 /* MyTripsInteractor.swift in Sources */ = {isa = PBXBuildFile; fileRef = A5FAE0A425752034009EDFB6 /* MyTripsInteractor.swift */; };
		A5FAE0AA2575203F009EDFB6 /* MyTripsEntities.swift in Sources */ = {isa = PBXBuildFile; fileRef = A5FAE0A92575203F009EDFB6 /* MyTripsEntities.swift */; };
		A5FAE0AF25752085009EDFB6 /* UIWindow+.swift in Sources */ = {isa = PBXBuildFile; fileRef = A5FAE0AE25752085009EDFB6 /* UIWindow+.swift */; };
		A5FAE0B5257520F3009EDFB6 /* SessionRouter.swift in Sources */ = {isa = PBXBuildFile; fileRef = A5FAE0B4257520F3009EDFB6 /* SessionRouter.swift */; };
		A5FAE0C3257525D0009EDFB6 /* MyTripsRepository.swift in Sources */ = {isa = PBXBuildFile; fileRef = A5FAE0C2257525D0009EDFB6 /* MyTripsRepository.swift */; };
		A5FAE0C825752668009EDFB6 /* MyTripsAssembly.swift in Sources */ = {isa = PBXBuildFile; fileRef = A5FAE0C725752668009EDFB6 /* MyTripsAssembly.swift */; };
		A5FAE0CD25752966009EDFB6 /* TripCell.swift in Sources */ = {isa = PBXBuildFile; fileRef = A5FAE0CC25752966009EDFB6 /* TripCell.swift */; };
		A5FAE0D425752EE1009EDFB6 /* TripMetricLabel.swift in Sources */ = {isa = PBXBuildFile; fileRef = A5FAE0D325752EE1009EDFB6 /* TripMetricLabel.swift */; };
		A5FAE0D92575311D009EDFB6 /* TripOverview.swift in Sources */ = {isa = PBXBuildFile; fileRef = A5FAE0D82575311D009EDFB6 /* TripOverview.swift */; };
		A5FAE0DE2575342C009EDFB6 /* MyTripsDisplayManager.swift in Sources */ = {isa = PBXBuildFile; fileRef = A5FAE0DD2575342C009EDFB6 /* MyTripsDisplayManager.swift */; };
		A5FAE0E325753573009EDFB6 /* CollectionItemPresenter+.swift in Sources */ = {isa = PBXBuildFile; fileRef = A5FAE0E225753572009EDFB6 /* CollectionItemPresenter+.swift */; };
		A5FAE0E825753833009EDFB6 /* UIView+Constraints.swift in Sources */ = {isa = PBXBuildFile; fileRef = A5FAE0E725753833009EDFB6 /* UIView+Constraints.swift */; };
		A5FAE0ED25753AB2009EDFB6 /* MyTripsRouter.swift in Sources */ = {isa = PBXBuildFile; fileRef = A5FAE0EC25753AB2009EDFB6 /* MyTripsRouter.swift */; };
/* End PBXBuildFile section */

/* Begin PBXContainerItemProxy section */
		A58BA7462571158A00ED9E3E /* PBXContainerItemProxy */ = {
			isa = PBXContainerItemProxy;
			containerPortal = A58BA7272571158600ED9E3E /* Project object */;
			proxyType = 1;
			remoteGlobalIDString = A58BA72E2571158600ED9E3E;
			remoteInfo = Polarsteps;
		};
		A58BA7512571158B00ED9E3E /* PBXContainerItemProxy */ = {
			isa = PBXContainerItemProxy;
			containerPortal = A58BA7272571158600ED9E3E /* Project object */;
			proxyType = 1;
			remoteGlobalIDString = A58BA72E2571158600ED9E3E;
			remoteInfo = Polarsteps;
		};
/* End PBXContainerItemProxy section */

/* Begin PBXFileReference section */
		A57D38F325723FAA00321B05 /* HostController.swift */ = {isa = PBXFileReference; lastKnownFileType = sourcecode.swift; path = HostController.swift; sourceTree = "<group>"; };
		A57D38FA257240EC00321B05 /* DefaultsWrapper.swift */ = {isa = PBXFileReference; lastKnownFileType = sourcecode.swift; path = DefaultsWrapper.swift; sourceTree = "<group>"; };
		A57D38FF2572417200321B05 /* SimpleStorage.swift */ = {isa = PBXFileReference; lastKnownFileType = sourcecode.swift; path = SimpleStorage.swift; sourceTree = "<group>"; };
		A57D390B257244C900321B05 /* IStorage.swift */ = {isa = PBXFileReference; lastKnownFileType = sourcecode.swift; path = IStorage.swift; sourceTree = "<group>"; };
		A58BA72F2571158600ED9E3E /* Polarsteps.app */ = {isa = PBXFileReference; explicitFileType = wrapper.application; includeInIndex = 0; path = Polarsteps.app; sourceTree = BUILT_PRODUCTS_DIR; };
		A58BA7322571158600ED9E3E /* AppDelegate.swift */ = {isa = PBXFileReference; lastKnownFileType = sourcecode.swift; path = AppDelegate.swift; sourceTree = "<group>"; };
		A58BA73B2571158A00ED9E3E /* Assets.xcassets */ = {isa = PBXFileReference; lastKnownFileType = folder.assetcatalog; path = Assets.xcassets; sourceTree = "<group>"; };
		A58BA73E2571158A00ED9E3E /* Base */ = {isa = PBXFileReference; lastKnownFileType = file.storyboard; name = Base; path = Base.lproj/LaunchScreen.storyboard; sourceTree = "<group>"; };
		A58BA7402571158A00ED9E3E /* Info.plist */ = {isa = PBXFileReference; lastKnownFileType = text.plist.xml; path = Info.plist; sourceTree = "<group>"; };
		A58BA7452571158A00ED9E3E /* PolarstepsTests.xctest */ = {isa = PBXFileReference; explicitFileType = wrapper.cfbundle; includeInIndex = 0; path = PolarstepsTests.xctest; sourceTree = BUILT_PRODUCTS_DIR; };
		A58BA7492571158A00ED9E3E /* PolarstepsTests.swift */ = {isa = PBXFileReference; lastKnownFileType = sourcecode.swift; path = PolarstepsTests.swift; sourceTree = "<group>"; };
		A58BA74B2571158A00ED9E3E /* Info.plist */ = {isa = PBXFileReference; lastKnownFileType = text.plist.xml; path = Info.plist; sourceTree = "<group>"; };
		A58BA7502571158B00ED9E3E /* PolarstepsUITests.xctest */ = {isa = PBXFileReference; explicitFileType = wrapper.cfbundle; includeInIndex = 0; path = PolarstepsUITests.xctest; sourceTree = BUILT_PRODUCTS_DIR; };
		A58BA7542571158B00ED9E3E /* PolarstepsUITests.swift */ = {isa = PBXFileReference; lastKnownFileType = sourcecode.swift; path = PolarstepsUITests.swift; sourceTree = "<group>"; };
		A58BA7562571158B00ED9E3E /* Info.plist */ = {isa = PBXFileReference; lastKnownFileType = text.plist.xml; path = Info.plist; sourceTree = "<group>"; };
		A58BA76B2571161300ED9E3E /* Domain */ = {isa = PBXFileReference; lastKnownFileType = folder; path = Domain; sourceTree = "<group>"; };
		A58BA7882571175000ED9E3E /* Keychain.swift */ = {isa = PBXFileReference; lastKnownFileType = sourcecode.swift; path = Keychain.swift; sourceTree = "<group>"; };
		A5FAE03F2574E5F5009EDFB6 /* APIClient */ = {isa = PBXFileReference; lastKnownFileType = folder; path = APIClient; sourceTree = "<group>"; };
		A5FAE04E2574EBA4009EDFB6 /* SimpleLoginController.swift */ = {isa = PBXFileReference; lastKnownFileType = sourcecode.swift; path = SimpleLoginController.swift; sourceTree = "<group>"; };
		A5FAE0532574EBB0009EDFB6 /* SimpleLoginViewModel.swift */ = {isa = PBXFileReference; lastKnownFileType = sourcecode.swift; path = SimpleLoginViewModel.swift; sourceTree = "<group>"; };
		A5FAE05A2574F6A2009EDFB6 /* ActionButton.swift */ = {isa = PBXFileReference; lastKnownFileType = sourcecode.swift; path = ActionButton.swift; sourceTree = "<group>"; };
		A5FAE0602574F713009EDFB6 /* UIColor+.swift */ = {isa = PBXFileReference; lastKnownFileType = sourcecode.swift; path = "UIColor+.swift"; sourceTree = "<group>"; };
		A5FAE0652574F729009EDFB6 /* UIImage+.swift */ = {isa = PBXFileReference; lastKnownFileType = sourcecode.swift; path = "UIImage+.swift"; sourceTree = "<group>"; };
		A5FAE06A2574F9BE009EDFB6 /* SimpleLoginAssembly.swift */ = {isa = PBXFileReference; lastKnownFileType = sourcecode.swift; path = SimpleLoginAssembly.swift; sourceTree = "<group>"; };
		A5FAE06F2574FA70009EDFB6 /* SimpleLoginEntities.swift */ = {isa = PBXFileReference; lastKnownFileType = sourcecode.swift; path = SimpleLoginEntities.swift; sourceTree = "<group>"; };
		A5FAE0802575011E009EDFB6 /* DependenciesContainer.swift */ = {isa = PBXFileReference; lastKnownFileType = sourcecode.swift; path = DependenciesContainer.swift; sourceTree = "<group>"; };
		A5FAE09025750C50009EDFB6 /* ToastFactory.swift */ = {isa = PBXFileReference; lastKnownFileType = sourcecode.swift; path = ToastFactory.swift; sourceTree = "<group>"; };
		A5FAE0952575193F009EDFB6 /* SecureStorage.swift */ = {isa = PBXFileReference; lastKnownFileType = sourcecode.swift; path = SecureStorage.swift; sourceTree = "<group>"; };
		A5FAE09A25751FF1009EDFB6 /* MyTripsController.swift */ = {isa = PBXFileReference; lastKnownFileType = sourcecode.swift; path = MyTripsController.swift; sourceTree = "<group>"; };
		A5FAE09F25752020009EDFB6 /* MyTripsPresenter.swift */ = {isa = PBXFileReference; lastKnownFileType = sourcecode.swift; path = MyTripsPresenter.swift; sourceTree = "<group>"; };
		A5FAE0A425752034009EDFB6 /* MyTripsInteractor.swift */ = {isa = PBXFileReference; lastKnownFileType = sourcecode.swift; path = MyTripsInteractor.swift; sourceTree = "<group>"; };
		A5FAE0A92575203F009EDFB6 /* MyTripsEntities.swift */ = {isa = PBXFileReference; lastKnownFileType = sourcecode.swift; path = MyTripsEntities.swift; sourceTree = "<group>"; };
		A5FAE0AE25752085009EDFB6 /* UIWindow+.swift */ = {isa = PBXFileReference; lastKnownFileType = sourcecode.swift; path = "UIWindow+.swift"; sourceTree = "<group>"; };
		A5FAE0B4257520F3009EDFB6 /* SessionRouter.swift */ = {isa = PBXFileReference; lastKnownFileType = sourcecode.swift; path = SessionRouter.swift; sourceTree = "<group>"; };
		A5FAE0C2257525D0009EDFB6 /* MyTripsRepository.swift */ = {isa = PBXFileReference; lastKnownFileType = sourcecode.swift; path = MyTripsRepository.swift; sourceTree = "<group>"; };
		A5FAE0C725752668009EDFB6 /* MyTripsAssembly.swift */ = {isa = PBXFileReference; lastKnownFileType = sourcecode.swift; path = MyTripsAssembly.swift; sourceTree = "<group>"; };
		A5FAE0CC25752966009EDFB6 /* TripCell.swift */ = {isa = PBXFileReference; lastKnownFileType = sourcecode.swift; path = TripCell.swift; sourceTree = "<group>"; };
		A5FAE0D325752EE1009EDFB6 /* TripMetricLabel.swift */ = {isa = PBXFileReference; lastKnownFileType = sourcecode.swift; path = TripMetricLabel.swift; sourceTree = "<group>"; };
		A5FAE0D82575311D009EDFB6 /* TripOverview.swift */ = {isa = PBXFileReference; lastKnownFileType = sourcecode.swift; path = TripOverview.swift; sourceTree = "<group>"; };
		A5FAE0DD2575342C009EDFB6 /* MyTripsDisplayManager.swift */ = {isa = PBXFileReference; lastKnownFileType = sourcecode.swift; path = MyTripsDisplayManager.swift; sourceTree = "<group>"; };
		A5FAE0E225753572009EDFB6 /* CollectionItemPresenter+.swift */ = {isa = PBXFileReference; lastKnownFileType = sourcecode.swift; path = "CollectionItemPresenter+.swift"; sourceTree = "<group>"; };
		A5FAE0E725753833009EDFB6 /* UIView+Constraints.swift */ = {isa = PBXFileReference; lastKnownFileType = sourcecode.swift; path = "UIView+Constraints.swift"; sourceTree = "<group>"; };
		A5FAE0EC25753AB2009EDFB6 /* MyTripsRouter.swift */ = {isa = PBXFileReference; lastKnownFileType = sourcecode.swift; path = MyTripsRouter.swift; sourceTree = "<group>"; };
/* End PBXFileReference section */

/* Begin PBXFrameworksBuildPhase section */
		A58BA72C2571158600ED9E3E /* Frameworks */ = {
			isa = PBXFrameworksBuildPhase;
			buildActionMask = 2147483647;
			files = (
				A5FAE0472574EB14009EDFB6 /* Domain in Frameworks */,
				A5FAE08C25750C17009EDFB6 /* JuicyToast in Frameworks */,
				A5FAE0862575017A009EDFB6 /* NetworkingCore in Frameworks */,
				A57D39062572426B00321B05 /* DateHelper in Frameworks */,
				A58BA783257116DE00ED9E3E /* SDWebImage in Frameworks */,
				A58BA77D2571169B00ED9E3E /* SiberianVIPER in Frameworks */,
				A5FAE0492574EB21009EDFB6 /* APIClient in Frameworks */,
				A58BA7772571168000ED9E3E /* SiberianSwift in Frameworks */,
			);
			runOnlyForDeploymentPostprocessing = 0;
		};
		A58BA7422571158A00ED9E3E /* Frameworks */ = {
			isa = PBXFrameworksBuildPhase;
			buildActionMask = 2147483647;
			files = (
			);
			runOnlyForDeploymentPostprocessing = 0;
		};
		A58BA74D2571158B00ED9E3E /* Frameworks */ = {
			isa = PBXFrameworksBuildPhase;
			buildActionMask = 2147483647;
			files = (
			);
			runOnlyForDeploymentPostprocessing = 0;
		};
/* End PBXFrameworksBuildPhase section */

/* Begin PBXGroup section */
		A57D38E625723BF200321B05 /* AuthMethod */ = {
			isa = PBXGroup;
			children = (
			);
			path = AuthMethod;
			sourceTree = "<group>";
		};
		A57D38E725723BFF00321B05 /* SignUpForm */ = {
			isa = PBXGroup;
			children = (
			);
			path = SignUpForm;
			sourceTree = "<group>";
		};
		A57D38E825723C9900321B05 /* Dashboard */ = {
			isa = PBXGroup;
			children = (
			);
			path = Dashboard;
			sourceTree = "<group>";
		};
		A57D38E925723D2A00321B05 /* MyTrips */ = {
			isa = PBXGroup;
			children = (
				A5FAE0D225752ECB009EDFB6 /* SubComponents */,
				A5FAE09A25751FF1009EDFB6 /* MyTripsController.swift */,
				A5FAE09F25752020009EDFB6 /* MyTripsPresenter.swift */,
				A5FAE0A425752034009EDFB6 /* MyTripsInteractor.swift */,
				A5FAE0A92575203F009EDFB6 /* MyTripsEntities.swift */,
				A5FAE0C2257525D0009EDFB6 /* MyTripsRepository.swift */,
				A5FAE0C725752668009EDFB6 /* MyTripsAssembly.swift */,
				A5FAE0DD2575342C009EDFB6 /* MyTripsDisplayManager.swift */,
				A5FAE0EC25753AB2009EDFB6 /* MyTripsRouter.swift */,
			);
			path = MyTrips;
			sourceTree = "<group>";
		};
		A57D38EA25723D3100321B05 /* MyStats */ = {
			isa = PBXGroup;
			children = (
			);
			path = MyStats;
			sourceTree = "<group>";
		};
		A57D38EB25723D3800321B05 /* Feed */ = {
			isa = PBXGroup;
			children = (
			);
			path = Feed;
			sourceTree = "<group>";
		};
		A57D38EC25723D4000321B05 /* Notifications */ = {
			isa = PBXGroup;
			children = (
			);
			path = Notifications;
			sourceTree = "<group>";
		};
		A57D38ED25723DE700321B05 /* TripDetails */ = {
			isa = PBXGroup;
			children = (
			);
			path = TripDetails;
			sourceTree = "<group>";
		};
		A57D38EE25723DF800321B05 /* Trip */ = {
			isa = PBXGroup;
			children = (
				A57D38EF25723E0C00321B05 /* TripStep */,
				A57D38ED25723DE700321B05 /* TripDetails */,
				A57D38E925723D2A00321B05 /* MyTrips */,
			);
			path = Trip;
			sourceTree = "<group>";
		};
		A57D38EF25723E0C00321B05 /* TripStep */ = {
			isa = PBXGroup;
			children = (
			);
			path = TripStep;
			sourceTree = "<group>";
		};
		A57D390A257243AB00321B05 /* Menu */ = {
			isa = PBXGroup;
			children = (
			);
			path = Menu;
			sourceTree = "<group>";
		};
		A57D39192572486500321B05 /* Frameworks */ = {
			isa = PBXGroup;
			children = (
			);
			name = Frameworks;
			sourceTree = "<group>";
		};
		A58BA7262571158600ED9E3E = {
			isa = PBXGroup;
			children = (
				A5FAE03F2574E5F5009EDFB6 /* APIClient */,
				A58BA76B2571161300ED9E3E /* Domain */,
				A58BA7312571158600ED9E3E /* Polarsteps */,
				A58BA7482571158A00ED9E3E /* PolarstepsTests */,
				A58BA7532571158B00ED9E3E /* PolarstepsUITests */,
				A58BA7302571158600ED9E3E /* Products */,
				A57D39192572486500321B05 /* Frameworks */,
			);
			sourceTree = "<group>";
		};
		A58BA7302571158600ED9E3E /* Products */ = {
			isa = PBXGroup;
			children = (
				A58BA72F2571158600ED9E3E /* Polarsteps.app */,
				A58BA7452571158A00ED9E3E /* PolarstepsTests.xctest */,
				A58BA7502571158B00ED9E3E /* PolarstepsUITests.xctest */,
			);
			name = Products;
			sourceTree = "<group>";
		};
		A58BA7312571158600ED9E3E /* Polarsteps */ = {
			isa = PBXGroup;
			children = (
				A58BA76A257115DA00ED9E3E /* Application */,
				A58BA769257115D200ED9E3E /* Shared */,
				A58BA768257115CC00ED9E3E /* Modules */,
				A58BA73B2571158A00ED9E3E /* Assets.xcassets */,
				A58BA73D2571158A00ED9E3E /* LaunchScreen.storyboard */,
				A58BA7402571158A00ED9E3E /* Info.plist */,
			);
			path = Polarsteps;
			sourceTree = "<group>";
		};
		A58BA7482571158A00ED9E3E /* PolarstepsTests */ = {
			isa = PBXGroup;
			children = (
				A58BA7492571158A00ED9E3E /* PolarstepsTests.swift */,
				A58BA74B2571158A00ED9E3E /* Info.plist */,
			);
			path = PolarstepsTests;
			sourceTree = "<group>";
		};
		A58BA7532571158B00ED9E3E /* PolarstepsUITests */ = {
			isa = PBXGroup;
			children = (
				A58BA7542571158B00ED9E3E /* PolarstepsUITests.swift */,
				A58BA7562571158B00ED9E3E /* Info.plist */,
			);
			path = PolarstepsUITests;
			sourceTree = "<group>";
		};
		A58BA768257115CC00ED9E3E /* Modules */ = {
			isa = PBXGroup;
			children = (
				A58BA7912571176A00ED9E3E /* Guest */,
				A58BA7922571177100ED9E3E /* Client */,
			);
			path = Modules;
			sourceTree = "<group>";
		};
		A58BA769257115D200ED9E3E /* Shared */ = {
			isa = PBXGroup;
			children = (
				A5FAE0B3257520E5009EDFB6 /* AppSession */,
				A5FAE05F2574F707009EDFB6 /* Extensions */,
				A5FAE0592574F68E009EDFB6 /* Components */,
				A58BA7872571171F00ED9E3E /* Storage */,
			);
			path = Shared;
			sourceTree = "<group>";
		};
		A58BA76A257115DA00ED9E3E /* Application */ = {
			isa = PBXGroup;
			children = (
				A58BA7322571158600ED9E3E /* AppDelegate.swift */,
				A5FAE0802575011E009EDFB6 /* DependenciesContainer.swift */,
			);
			path = Application;
			sourceTree = "<group>";
		};
		A58BA7872571171F00ED9E3E /* Storage */ = {
			isa = PBXGroup;
			children = (
				A58BA7882571175000ED9E3E /* Keychain.swift */,
				A57D38FA257240EC00321B05 /* DefaultsWrapper.swift */,
				A57D38FF2572417200321B05 /* SimpleStorage.swift */,
				A57D390B257244C900321B05 /* IStorage.swift */,
				A5FAE0952575193F009EDFB6 /* SecureStorage.swift */,
			);
			path = Storage;
			sourceTree = "<group>";
		};
		A58BA7902571176200ED9E3E /* Root */ = {
			isa = PBXGroup;
			children = (
				A57D38F325723FAA00321B05 /* HostController.swift */,
			);
			path = Root;
			sourceTree = "<group>";
		};
		A58BA7912571176A00ED9E3E /* Guest */ = {
			isa = PBXGroup;
			children = (
				A5FAE04D2574EB96009EDFB6 /* SimpleLogin */,
				A57D38E625723BF200321B05 /* AuthMethod */,
				A57D38E725723BFF00321B05 /* SignUpForm */,
			);
			path = Guest;
			sourceTree = "<group>";
		};
		A58BA7922571177100ED9E3E /* Client */ = {
			isa = PBXGroup;
			children = (
				A57D390A257243AB00321B05 /* Menu */,
				A57D38EE25723DF800321B05 /* Trip */,
				A57D38EC25723D4000321B05 /* Notifications */,
				A57D38EB25723D3800321B05 /* Feed */,
				A57D38EA25723D3100321B05 /* MyStats */,
				A57D38E825723C9900321B05 /* Dashboard */,
				A58BA7902571176200ED9E3E /* Root */,
			);
			path = Client;
			sourceTree = "<group>";
		};
		A5FAE04D2574EB96009EDFB6 /* SimpleLogin */ = {
			isa = PBXGroup;
			children = (
				A5FAE04E2574EBA4009EDFB6 /* SimpleLoginController.swift */,
				A5FAE0532574EBB0009EDFB6 /* SimpleLoginViewModel.swift */,
				A5FAE06A2574F9BE009EDFB6 /* SimpleLoginAssembly.swift */,
				A5FAE06F2574FA70009EDFB6 /* SimpleLoginEntities.swift */,
			);
			path = SimpleLogin;
			sourceTree = "<group>";
		};
		A5FAE0592574F68E009EDFB6 /* Components */ = {
			isa = PBXGroup;
			children = (
				A5FAE05A2574F6A2009EDFB6 /* ActionButton.swift */,
				A5FAE09025750C50009EDFB6 /* ToastFactory.swift */,
			);
			path = Components;
			sourceTree = "<group>";
		};
		A5FAE05F2574F707009EDFB6 /* Extensions */ = {
			isa = PBXGroup;
			children = (
				A5FAE0602574F713009EDFB6 /* UIColor+.swift */,
				A5FAE0652574F729009EDFB6 /* UIImage+.swift */,
				A5FAE0AE25752085009EDFB6 /* UIWindow+.swift */,
				A5FAE0E225753572009EDFB6 /* CollectionItemPresenter+.swift */,
				A5FAE0E725753833009EDFB6 /* UIView+Constraints.swift */,
			);
			path = Extensions;
			sourceTree = "<group>";
		};
		A5FAE0B3257520E5009EDFB6 /* AppSession */ = {
			isa = PBXGroup;
			children = (
				A5FAE0B4257520F3009EDFB6 /* SessionRouter.swift */,
			);
			path = AppSession;
			sourceTree = "<group>";
		};
		A5FAE0D225752ECB009EDFB6 /* SubComponents */ = {
			isa = PBXGroup;
			children = (
				A5FAE0CC25752966009EDFB6 /* TripCell.swift */,
				A5FAE0D325752EE1009EDFB6 /* TripMetricLabel.swift */,
				A5FAE0D82575311D009EDFB6 /* TripOverview.swift */,
			);
			path = SubComponents;
			sourceTree = "<group>";
		};
/* End PBXGroup section */

/* Begin PBXNativeTarget section */
		A58BA72E2571158600ED9E3E /* Polarsteps */ = {
			isa = PBXNativeTarget;
			buildConfigurationList = A58BA7592571158B00ED9E3E /* Build configuration list for PBXNativeTarget "Polarsteps" */;
			buildPhases = (
				A58BA72B2571158600ED9E3E /* Sources */,
				A58BA72C2571158600ED9E3E /* Frameworks */,
				A58BA72D2571158600ED9E3E /* Resources */,
			);
			buildRules = (
			);
			dependencies = (
			);
			name = Polarsteps;
			packageProductDependencies = (
				A58BA7762571168000ED9E3E /* SiberianSwift */,
				A58BA77C2571169B00ED9E3E /* SiberianVIPER */,
				A58BA782257116DE00ED9E3E /* SDWebImage */,
				A57D39052572426B00321B05 /* DateHelper */,
				A5FAE0462574EB14009EDFB6 /* Domain */,
				A5FAE0482574EB21009EDFB6 /* APIClient */,
				A5FAE0852575017A009EDFB6 /* NetworkingCore */,
				A5FAE08B25750C17009EDFB6 /* JuicyToast */,
			);
			productName = Polarsteps;
			productReference = A58BA72F2571158600ED9E3E /* Polarsteps.app */;
			productType = "com.apple.product-type.application";
		};
		A58BA7442571158A00ED9E3E /* PolarstepsTests */ = {
			isa = PBXNativeTarget;
			buildConfigurationList = A58BA75C2571158B00ED9E3E /* Build configuration list for PBXNativeTarget "PolarstepsTests" */;
			buildPhases = (
				A58BA7412571158A00ED9E3E /* Sources */,
				A58BA7422571158A00ED9E3E /* Frameworks */,
				A58BA7432571158A00ED9E3E /* Resources */,
			);
			buildRules = (
			);
			dependencies = (
				A58BA7472571158A00ED9E3E /* PBXTargetDependency */,
			);
			name = PolarstepsTests;
			productName = PolarstepsTests;
			productReference = A58BA7452571158A00ED9E3E /* PolarstepsTests.xctest */;
			productType = "com.apple.product-type.bundle.unit-test";
		};
		A58BA74F2571158B00ED9E3E /* PolarstepsUITests */ = {
			isa = PBXNativeTarget;
			buildConfigurationList = A58BA75F2571158B00ED9E3E /* Build configuration list for PBXNativeTarget "PolarstepsUITests" */;
			buildPhases = (
				A58BA74C2571158B00ED9E3E /* Sources */,
				A58BA74D2571158B00ED9E3E /* Frameworks */,
				A58BA74E2571158B00ED9E3E /* Resources */,
			);
			buildRules = (
			);
			dependencies = (
				A58BA7522571158B00ED9E3E /* PBXTargetDependency */,
			);
			name = PolarstepsUITests;
			productName = PolarstepsUITests;
			productReference = A58BA7502571158B00ED9E3E /* PolarstepsUITests.xctest */;
			productType = "com.apple.product-type.bundle.ui-testing";
		};
/* End PBXNativeTarget section */

/* Begin PBXProject section */
		A58BA7272571158600ED9E3E /* Project object */ = {
			isa = PBXProject;
			attributes = {
				LastSwiftUpdateCheck = 1220;
				LastUpgradeCheck = 1220;
				TargetAttributes = {
					A58BA72E2571158600ED9E3E = {
						CreatedOnToolsVersion = 12.2;
					};
					A58BA7442571158A00ED9E3E = {
						CreatedOnToolsVersion = 12.2;
						TestTargetID = A58BA72E2571158600ED9E3E;
					};
					A58BA74F2571158B00ED9E3E = {
						CreatedOnToolsVersion = 12.2;
						TestTargetID = A58BA72E2571158600ED9E3E;
					};
				};
			};
			buildConfigurationList = A58BA72A2571158600ED9E3E /* Build configuration list for PBXProject "Polarsteps" */;
			compatibilityVersion = "Xcode 9.3";
			developmentRegion = en;
			hasScannedForEncodings = 0;
			knownRegions = (
				en,
				Base,
			);
			mainGroup = A58BA7262571158600ED9E3E;
			packageReferences = (
				A58BA7752571168000ED9E3E /* XCRemoteSwiftPackageReference "SiberianSwift" */,
				A58BA77B2571169B00ED9E3E /* XCRemoteSwiftPackageReference "SiberianVIPER" */,
				A58BA781257116DE00ED9E3E /* XCRemoteSwiftPackageReference "SDWebImage" */,
				A57D39042572426B00321B05 /* XCRemoteSwiftPackageReference "DateHelper" */,
				A5FAE08A25750C17009EDFB6 /* XCRemoteSwiftPackageReference "JuicyToast" */,
			);
			productRefGroup = A58BA7302571158600ED9E3E /* Products */;
			projectDirPath = "";
			projectRoot = "";
			targets = (
				A58BA72E2571158600ED9E3E /* Polarsteps */,
				A58BA7442571158A00ED9E3E /* PolarstepsTests */,
				A58BA74F2571158B00ED9E3E /* PolarstepsUITests */,
			);
		};
/* End PBXProject section */

/* Begin PBXResourcesBuildPhase section */
		A58BA72D2571158600ED9E3E /* Resources */ = {
			isa = PBXResourcesBuildPhase;
			buildActionMask = 2147483647;
			files = (
				A58BA73F2571158A00ED9E3E /* LaunchScreen.storyboard in Resources */,
				A58BA73C2571158A00ED9E3E /* Assets.xcassets in Resources */,
			);
			runOnlyForDeploymentPostprocessing = 0;
		};
		A58BA7432571158A00ED9E3E /* Resources */ = {
			isa = PBXResourcesBuildPhase;
			buildActionMask = 2147483647;
			files = (
			);
			runOnlyForDeploymentPostprocessing = 0;
		};
		A58BA74E2571158B00ED9E3E /* Resources */ = {
			isa = PBXResourcesBuildPhase;
			buildActionMask = 2147483647;
			files = (
			);
			runOnlyForDeploymentPostprocessing = 0;
		};
/* End PBXResourcesBuildPhase section */

/* Begin PBXSourcesBuildPhase section */
		A58BA72B2571158600ED9E3E /* Sources */ = {
			isa = PBXSourcesBuildPhase;
			buildActionMask = 2147483647;
			files = (
				A5FAE0542574EBB0009EDFB6 /* SimpleLoginViewModel.swift in Sources */,
				A5FAE0AA2575203F009EDFB6 /* MyTripsEntities.swift in Sources */,
				A5FAE0A025752020009EDFB6 /* MyTripsPresenter.swift in Sources */,
				A5FAE0612574F713009EDFB6 /* UIColor+.swift in Sources */,
				A5FAE04F2574EBA4009EDFB6 /* SimpleLoginController.swift in Sources */,
				A5FAE0B5257520F3009EDFB6 /* SessionRouter.swift in Sources */,
				A5FAE0702574FA70009EDFB6 /* SimpleLoginEntities.swift in Sources */,
				A5FAE05B2574F6A2009EDFB6 /* ActionButton.swift in Sources */,
				A5FAE0C825752668009EDFB6 /* MyTripsAssembly.swift in Sources */,
				A58BA7892571175000ED9E3E /* Keychain.swift in Sources */,
				A5FAE0AF25752085009EDFB6 /* UIWindow+.swift in Sources */,
				A5FAE0E325753573009EDFB6 /* CollectionItemPresenter+.swift in Sources */,
				A5FAE0812575011E009EDFB6 /* DependenciesContainer.swift in Sources */,
				A5FAE0C3257525D0009EDFB6 /* MyTripsRepository.swift in Sources */,
				A57D38F425723FAA00321B05 /* HostController.swift in Sources */,
				A5FAE0CD25752966009EDFB6 /* TripCell.swift in Sources */,
				A5FAE0D425752EE1009EDFB6 /* TripMetricLabel.swift in Sources */,
				A57D38FB257240EC00321B05 /* DefaultsWrapper.swift in Sources */,
				A5FAE09125750C50009EDFB6 /* ToastFactory.swift in Sources */,
				A5FAE0962575193F009EDFB6 /* SecureStorage.swift in Sources */,
				A58BA7332571158600ED9E3E /* AppDelegate.swift in Sources */,
				A5FAE09B25751FF1009EDFB6 /* MyTripsController.swift in Sources */,
				A5FAE0A525752034009EDFB6 /* MyTripsInteractor.swift in Sources */,
				A5FAE06B2574F9BE009EDFB6 /* SimpleLoginAssembly.swift in Sources */,
				A5FAE0DE2575342C009EDFB6 /* MyTripsDisplayManager.swift in Sources */,
				A5FAE0662574F729009EDFB6 /* UIImage+.swift in Sources */,
				A57D39002572417200321B05 /* SimpleStorage.swift in Sources */,
				A5FAE0E825753833009EDFB6 /* UIView+Constraints.swift in Sources */,
				A5FAE0ED25753AB2009EDFB6 /* MyTripsRouter.swift in Sources */,
				A5FAE0D92575311D009EDFB6 /* TripOverview.swift in Sources */,
				A57D390C257244C900321B05 /* IStorage.swift in Sources */,
			);
			runOnlyForDeploymentPostprocessing = 0;
		};
		A58BA7412571158A00ED9E3E /* Sources */ = {
			isa = PBXSourcesBuildPhase;
			buildActionMask = 2147483647;
			files = (
				A58BA74A2571158A00ED9E3E /* PolarstepsTests.swift in Sources */,
			);
			runOnlyForDeploymentPostprocessing = 0;
		};
		A58BA74C2571158B00ED9E3E /* Sources */ = {
			isa = PBXSourcesBuildPhase;
			buildActionMask = 2147483647;
			files = (
				A58BA7552571158B00ED9E3E /* PolarstepsUITests.swift in Sources */,
			);
			runOnlyForDeploymentPostprocessing = 0;
		};
/* End PBXSourcesBuildPhase section */

/* Begin PBXTargetDependency section */
		A58BA7472571158A00ED9E3E /* PBXTargetDependency */ = {
			isa = PBXTargetDependency;
			target = A58BA72E2571158600ED9E3E /* Polarsteps */;
			targetProxy = A58BA7462571158A00ED9E3E /* PBXContainerItemProxy */;
		};
		A58BA7522571158B00ED9E3E /* PBXTargetDependency */ = {
			isa = PBXTargetDependency;
			target = A58BA72E2571158600ED9E3E /* Polarsteps */;
			targetProxy = A58BA7512571158B00ED9E3E /* PBXContainerItemProxy */;
		};
/* End PBXTargetDependency section */

/* Begin PBXVariantGroup section */
		A58BA73D2571158A00ED9E3E /* LaunchScreen.storyboard */ = {
			isa = PBXVariantGroup;
			children = (
				A58BA73E2571158A00ED9E3E /* Base */,
			);
			name = LaunchScreen.storyboard;
			sourceTree = "<group>";
		};
/* End PBXVariantGroup section */

/* Begin XCBuildConfiguration section */
		A58BA7572571158B00ED9E3E /* Debug */ = {
			isa = XCBuildConfiguration;
			buildSettings = {
				ALWAYS_SEARCH_USER_PATHS = NO;
				CLANG_ANALYZER_NONNULL = YES;
				CLANG_ANALYZER_NUMBER_OBJECT_CONVERSION = YES_AGGRESSIVE;
				CLANG_CXX_LANGUAGE_STANDARD = "gnu++14";
				CLANG_CXX_LIBRARY = "libc++";
				CLANG_ENABLE_MODULES = YES;
				CLANG_ENABLE_OBJC_ARC = YES;
				CLANG_ENABLE_OBJC_WEAK = YES;
				CLANG_WARN_BLOCK_CAPTURE_AUTORELEASING = YES;
				CLANG_WARN_BOOL_CONVERSION = YES;
				CLANG_WARN_COMMA = YES;
				CLANG_WARN_CONSTANT_CONVERSION = YES;
				CLANG_WARN_DEPRECATED_OBJC_IMPLEMENTATIONS = YES;
				CLANG_WARN_DIRECT_OBJC_ISA_USAGE = YES_ERROR;
				CLANG_WARN_DOCUMENTATION_COMMENTS = YES;
				CLANG_WARN_EMPTY_BODY = YES;
				CLANG_WARN_ENUM_CONVERSION = YES;
				CLANG_WARN_INFINITE_RECURSION = YES;
				CLANG_WARN_INT_CONVERSION = YES;
				CLANG_WARN_NON_LITERAL_NULL_CONVERSION = YES;
				CLANG_WARN_OBJC_IMPLICIT_RETAIN_SELF = YES;
				CLANG_WARN_OBJC_LITERAL_CONVERSION = YES;
				CLANG_WARN_OBJC_ROOT_CLASS = YES_ERROR;
				CLANG_WARN_QUOTED_INCLUDE_IN_FRAMEWORK_HEADER = YES;
				CLANG_WARN_RANGE_LOOP_ANALYSIS = YES;
				CLANG_WARN_STRICT_PROTOTYPES = YES;
				CLANG_WARN_SUSPICIOUS_MOVE = YES;
				CLANG_WARN_UNGUARDED_AVAILABILITY = YES_AGGRESSIVE;
				CLANG_WARN_UNREACHABLE_CODE = YES;
				CLANG_WARN__DUPLICATE_METHOD_MATCH = YES;
				COPY_PHASE_STRIP = NO;
				DEBUG_INFORMATION_FORMAT = dwarf;
				ENABLE_STRICT_OBJC_MSGSEND = YES;
				ENABLE_TESTABILITY = YES;
				GCC_C_LANGUAGE_STANDARD = gnu11;
				GCC_DYNAMIC_NO_PIC = NO;
				GCC_NO_COMMON_BLOCKS = YES;
				GCC_OPTIMIZATION_LEVEL = 0;
				GCC_PREPROCESSOR_DEFINITIONS = (
					"DEBUG=1",
					"$(inherited)",
				);
				GCC_WARN_64_TO_32_BIT_CONVERSION = YES;
				GCC_WARN_ABOUT_RETURN_TYPE = YES_ERROR;
				GCC_WARN_UNDECLARED_SELECTOR = YES;
				GCC_WARN_UNINITIALIZED_AUTOS = YES_AGGRESSIVE;
				GCC_WARN_UNUSED_FUNCTION = YES;
				GCC_WARN_UNUSED_VARIABLE = YES;
				IPHONEOS_DEPLOYMENT_TARGET = 13.0;
				MTL_ENABLE_DEBUG_INFO = INCLUDE_SOURCE;
				MTL_FAST_MATH = YES;
				ONLY_ACTIVE_ARCH = YES;
				SDKROOT = iphoneos;
				SWIFT_ACTIVE_COMPILATION_CONDITIONS = DEBUG;
				SWIFT_OPTIMIZATION_LEVEL = "-Onone";
			};
			name = Debug;
		};
		A58BA7582571158B00ED9E3E /* Release */ = {
			isa = XCBuildConfiguration;
			buildSettings = {
				ALWAYS_SEARCH_USER_PATHS = NO;
				CLANG_ANALYZER_NONNULL = YES;
				CLANG_ANALYZER_NUMBER_OBJECT_CONVERSION = YES_AGGRESSIVE;
				CLANG_CXX_LANGUAGE_STANDARD = "gnu++14";
				CLANG_CXX_LIBRARY = "libc++";
				CLANG_ENABLE_MODULES = YES;
				CLANG_ENABLE_OBJC_ARC = YES;
				CLANG_ENABLE_OBJC_WEAK = YES;
				CLANG_WARN_BLOCK_CAPTURE_AUTORELEASING = YES;
				CLANG_WARN_BOOL_CONVERSION = YES;
				CLANG_WARN_COMMA = YES;
				CLANG_WARN_CONSTANT_CONVERSION = YES;
				CLANG_WARN_DEPRECATED_OBJC_IMPLEMENTATIONS = YES;
				CLANG_WARN_DIRECT_OBJC_ISA_USAGE = YES_ERROR;
				CLANG_WARN_DOCUMENTATION_COMMENTS = YES;
				CLANG_WARN_EMPTY_BODY = YES;
				CLANG_WARN_ENUM_CONVERSION = YES;
				CLANG_WARN_INFINITE_RECURSION = YES;
				CLANG_WARN_INT_CONVERSION = YES;
				CLANG_WARN_NON_LITERAL_NULL_CONVERSION = YES;
				CLANG_WARN_OBJC_IMPLICIT_RETAIN_SELF = YES;
				CLANG_WARN_OBJC_LITERAL_CONVERSION = YES;
				CLANG_WARN_OBJC_ROOT_CLASS = YES_ERROR;
				CLANG_WARN_QUOTED_INCLUDE_IN_FRAMEWORK_HEADER = YES;
				CLANG_WARN_RANGE_LOOP_ANALYSIS = YES;
				CLANG_WARN_STRICT_PROTOTYPES = YES;
				CLANG_WARN_SUSPICIOUS_MOVE = YES;
				CLANG_WARN_UNGUARDED_AVAILABILITY = YES_AGGRESSIVE;
				CLANG_WARN_UNREACHABLE_CODE = YES;
				CLANG_WARN__DUPLICATE_METHOD_MATCH = YES;
				COPY_PHASE_STRIP = NO;
				DEBUG_INFORMATION_FORMAT = "dwarf-with-dsym";
				ENABLE_NS_ASSERTIONS = NO;
				ENABLE_STRICT_OBJC_MSGSEND = YES;
				GCC_C_LANGUAGE_STANDARD = gnu11;
				GCC_NO_COMMON_BLOCKS = YES;
				GCC_WARN_64_TO_32_BIT_CONVERSION = YES;
				GCC_WARN_ABOUT_RETURN_TYPE = YES_ERROR;
				GCC_WARN_UNDECLARED_SELECTOR = YES;
				GCC_WARN_UNINITIALIZED_AUTOS = YES_AGGRESSIVE;
				GCC_WARN_UNUSED_FUNCTION = YES;
				GCC_WARN_UNUSED_VARIABLE = YES;
				IPHONEOS_DEPLOYMENT_TARGET = 13.0;
				MTL_ENABLE_DEBUG_INFO = NO;
				MTL_FAST_MATH = YES;
				SDKROOT = iphoneos;
				SWIFT_COMPILATION_MODE = wholemodule;
				SWIFT_OPTIMIZATION_LEVEL = "-O";
				VALIDATE_PRODUCT = YES;
			};
			name = Release;
		};
		A58BA75A2571158B00ED9E3E /* Debug */ = {
			isa = XCBuildConfiguration;
			buildSettings = {
				ASSETCATALOG_COMPILER_APPICON_NAME = AppIcon;
				ASSETCATALOG_COMPILER_GLOBAL_ACCENT_COLOR_NAME = AccentColor;
				CODE_SIGN_STYLE = Automatic;
				DEVELOPMENT_TEAM = TVTBG99HF3;
				INFOPLIST_FILE = Polarsteps/Info.plist;
				IPHONEOS_DEPLOYMENT_TARGET = 13.0;
				LD_RUNPATH_SEARCH_PATHS = (
					"$(inherited)",
					"@executable_path/Frameworks",
				);
				PRODUCT_BUNDLE_IDENTIFIER = com.petrachkov.Polarsteps;
				PRODUCT_NAME = "$(TARGET_NAME)";
				SWIFT_VERSION = 5.0;
				TARGETED_DEVICE_FAMILY = "1,2";
			};
			name = Debug;
		};
		A58BA75B2571158B00ED9E3E /* Release */ = {
			isa = XCBuildConfiguration;
			buildSettings = {
				ASSETCATALOG_COMPILER_APPICON_NAME = AppIcon;
				ASSETCATALOG_COMPILER_GLOBAL_ACCENT_COLOR_NAME = AccentColor;
				CODE_SIGN_STYLE = Automatic;
				DEVELOPMENT_TEAM = TVTBG99HF3;
				INFOPLIST_FILE = Polarsteps/Info.plist;
				IPHONEOS_DEPLOYMENT_TARGET = 13.0;
				LD_RUNPATH_SEARCH_PATHS = (
					"$(inherited)",
					"@executable_path/Frameworks",
				);
				PRODUCT_BUNDLE_IDENTIFIER = com.petrachkov.Polarsteps;
				PRODUCT_NAME = "$(TARGET_NAME)";
				SWIFT_VERSION = 5.0;
				TARGETED_DEVICE_FAMILY = "1,2";
			};
			name = Release;
		};
		A58BA75D2571158B00ED9E3E /* Debug */ = {
			isa = XCBuildConfiguration;
			buildSettings = {
				ALWAYS_EMBED_SWIFT_STANDARD_LIBRARIES = YES;
				BUNDLE_LOADER = "$(TEST_HOST)";
				CODE_SIGN_STYLE = Automatic;
				DEVELOPMENT_TEAM = TVTBG99HF3;
				INFOPLIST_FILE = PolarstepsTests/Info.plist;
				IPHONEOS_DEPLOYMENT_TARGET = 14.2;
				LD_RUNPATH_SEARCH_PATHS = (
					"$(inherited)",
					"@executable_path/Frameworks",
					"@loader_path/Frameworks",
				);
				PRODUCT_BUNDLE_IDENTIFIER = com.petrachkov.PolarstepsTests;
				PRODUCT_NAME = "$(TARGET_NAME)";
				SWIFT_VERSION = 5.0;
				TARGETED_DEVICE_FAMILY = "1,2";
				TEST_HOST = "$(BUILT_PRODUCTS_DIR)/Polarsteps.app/Polarsteps";
			};
			name = Debug;
		};
		A58BA75E2571158B00ED9E3E /* Release */ = {
			isa = XCBuildConfiguration;
			buildSettings = {
				ALWAYS_EMBED_SWIFT_STANDARD_LIBRARIES = YES;
				BUNDLE_LOADER = "$(TEST_HOST)";
				CODE_SIGN_STYLE = Automatic;
				DEVELOPMENT_TEAM = TVTBG99HF3;
				INFOPLIST_FILE = PolarstepsTests/Info.plist;
				IPHONEOS_DEPLOYMENT_TARGET = 14.2;
				LD_RUNPATH_SEARCH_PATHS = (
					"$(inherited)",
					"@executable_path/Frameworks",
					"@loader_path/Frameworks",
				);
				PRODUCT_BUNDLE_IDENTIFIER = com.petrachkov.PolarstepsTests;
				PRODUCT_NAME = "$(TARGET_NAME)";
				SWIFT_VERSION = 5.0;
				TARGETED_DEVICE_FAMILY = "1,2";
				TEST_HOST = "$(BUILT_PRODUCTS_DIR)/Polarsteps.app/Polarsteps";
			};
			name = Release;
		};
		A58BA7602571158B00ED9E3E /* Debug */ = {
			isa = XCBuildConfiguration;
			buildSettings = {
				ALWAYS_EMBED_SWIFT_STANDARD_LIBRARIES = YES;
				CODE_SIGN_STYLE = Automatic;
				DEVELOPMENT_TEAM = TVTBG99HF3;
				INFOPLIST_FILE = PolarstepsUITests/Info.plist;
				LD_RUNPATH_SEARCH_PATHS = (
					"$(inherited)",
					"@executable_path/Frameworks",
					"@loader_path/Frameworks",
				);
				PRODUCT_BUNDLE_IDENTIFIER = com.petrachkov.PolarstepsUITests;
				PRODUCT_NAME = "$(TARGET_NAME)";
				SWIFT_VERSION = 5.0;
				TARGETED_DEVICE_FAMILY = "1,2";
				TEST_TARGET_NAME = Polarsteps;
			};
			name = Debug;
		};
		A58BA7612571158B00ED9E3E /* Release */ = {
			isa = XCBuildConfiguration;
			buildSettings = {
				ALWAYS_EMBED_SWIFT_STANDARD_LIBRARIES = YES;
				CODE_SIGN_STYLE = Automatic;
				DEVELOPMENT_TEAM = TVTBG99HF3;
				INFOPLIST_FILE = PolarstepsUITests/Info.plist;
				LD_RUNPATH_SEARCH_PATHS = (
					"$(inherited)",
					"@executable_path/Frameworks",
					"@loader_path/Frameworks",
				);
				PRODUCT_BUNDLE_IDENTIFIER = com.petrachkov.PolarstepsUITests;
				PRODUCT_NAME = "$(TARGET_NAME)";
				SWIFT_VERSION = 5.0;
				TARGETED_DEVICE_FAMILY = "1,2";
				TEST_TARGET_NAME = Polarsteps;
			};
			name = Release;
		};
/* End XCBuildConfiguration section */

/* Begin XCConfigurationList section */
		A58BA72A2571158600ED9E3E /* Build configuration list for PBXProject "Polarsteps" */ = {
			isa = XCConfigurationList;
			buildConfigurations = (
				A58BA7572571158B00ED9E3E /* Debug */,
				A58BA7582571158B00ED9E3E /* Release */,
			);
			defaultConfigurationIsVisible = 0;
			defaultConfigurationName = Release;
		};
		A58BA7592571158B00ED9E3E /* Build configuration list for PBXNativeTarget "Polarsteps" */ = {
			isa = XCConfigurationList;
			buildConfigurations = (
				A58BA75A2571158B00ED9E3E /* Debug */,
				A58BA75B2571158B00ED9E3E /* Release */,
			);
			defaultConfigurationIsVisible = 0;
			defaultConfigurationName = Release;
		};
		A58BA75C2571158B00ED9E3E /* Build configuration list for PBXNativeTarget "PolarstepsTests" */ = {
			isa = XCConfigurationList;
			buildConfigurations = (
				A58BA75D2571158B00ED9E3E /* Debug */,
				A58BA75E2571158B00ED9E3E /* Release */,
			);
			defaultConfigurationIsVisible = 0;
			defaultConfigurationName = Release;
		};
		A58BA75F2571158B00ED9E3E /* Build configuration list for PBXNativeTarget "PolarstepsUITests" */ = {
			isa = XCConfigurationList;
			buildConfigurations = (
				A58BA7602571158B00ED9E3E /* Debug */,
				A58BA7612571158B00ED9E3E /* Release */,
			);
			defaultConfigurationIsVisible = 0;
			defaultConfigurationName = Release;
		};
/* End XCConfigurationList section */

/* Begin XCRemoteSwiftPackageReference section */
		A57D39042572426B00321B05 /* XCRemoteSwiftPackageReference "DateHelper" */ = {
			isa = XCRemoteSwiftPackageReference;
			repositoryURL = "https://github.com/SergeyPetrachkov/DateHelper";
			requirement = {
				branch = master;
				kind = branch;
			};
		};
		A58BA7752571168000ED9E3E /* XCRemoteSwiftPackageReference "SiberianSwift" */ = {
			isa = XCRemoteSwiftPackageReference;
			repositoryURL = "https://github.com/SergeyPetrachkov/SiberianSwift";
			requirement = {
				kind = upToNextMajorVersion;
				minimumVersion = 2.0.3;
			};
		};
		A58BA77B2571169B00ED9E3E /* XCRemoteSwiftPackageReference "SiberianVIPER" */ = {
			isa = XCRemoteSwiftPackageReference;
			repositoryURL = "https://github.com/SergeyPetrachkov/SiberianVIPER";
			requirement = {
				kind = upToNextMajorVersion;
				minimumVersion = 4.0.1;
			};
		};
		A58BA781257116DE00ED9E3E /* XCRemoteSwiftPackageReference "SDWebImage" */ = {
			isa = XCRemoteSwiftPackageReference;
			repositoryURL = "https://github.com/SDWebImage/SDWebImage";
			requirement = {
				kind = upToNextMajorVersion;
				minimumVersion = 5.10.0;
			};
		};
		A5FAE08A25750C17009EDFB6 /* XCRemoteSwiftPackageReference "JuicyToast" */ = {
			isa = XCRemoteSwiftPackageReference;
			repositoryURL = "https://github.com/SergeyPetrachkov/JuicyToast";
			requirement = {
				branch = main;
				kind = branch;
			};
		};
/* End XCRemoteSwiftPackageReference section */

/* Begin XCSwiftPackageProductDependency section */
		A57D39052572426B00321B05 /* DateHelper */ = {
			isa = XCSwiftPackageProductDependency;
			package = A57D39042572426B00321B05 /* XCRemoteSwiftPackageReference "DateHelper" */;
			productName = DateHelper;
		};
		A58BA7762571168000ED9E3E /* SiberianSwift */ = {
			isa = XCSwiftPackageProductDependency;
			package = A58BA7752571168000ED9E3E /* XCRemoteSwiftPackageReference "SiberianSwift" */;
			productName = SiberianSwift;
		};
		A58BA77C2571169B00ED9E3E /* SiberianVIPER */ = {
			isa = XCSwiftPackageProductDependency;
			package = A58BA77B2571169B00ED9E3E /* XCRemoteSwiftPackageReference "SiberianVIPER" */;
			productName = SiberianVIPER;
		};
		A58BA782257116DE00ED9E3E /* SDWebImage */ = {
			isa = XCSwiftPackageProductDependency;
			package = A58BA781257116DE00ED9E3E /* XCRemoteSwiftPackageReference "SDWebImage" */;
			productName = SDWebImage;
		};
		A5FAE0462574EB14009EDFB6 /* Domain */ = {
			isa = XCSwiftPackageProductDependency;
			productName = Domain;
		};
		A5FAE0482574EB21009EDFB6 /* APIClient */ = {
			isa = XCSwiftPackageProductDependency;
			productName = APIClient;
		};
		A5FAE0852575017A009EDFB6 /* NetworkingCore */ = {
			isa = XCSwiftPackageProductDependency;
			productName = NetworkingCore;
		};
		A5FAE08B25750C17009EDFB6 /* JuicyToast */ = {
			isa = XCSwiftPackageProductDependency;
			package = A5FAE08A25750C17009EDFB6 /* XCRemoteSwiftPackageReference "JuicyToast" */;
			productName = JuicyToast;
		};
/* End XCSwiftPackageProductDependency section */
	};
	rootObject = A58BA7272571158600ED9E3E /* Project object */;
}
